// !$*UTF8*$!
{
	archiveVersion = 1;
	classes = {
	};
	objectVersion = 77;
	objects = {

/* Begin PBXContainerItemProxy section */
		577318752E73A15A00F4AD7E /* PBXContainerItemProxy */ = {
			isa = PBXContainerItemProxy;
			containerPortal = 5773185D2E73A15900F4AD7E /* Project object */;
			proxyType = 1;
			remoteGlobalIDString = 577318642E73A15900F4AD7E;
			remoteInfo = "MDI 105-107 (BookManager)";
		};
		5773187F2E73A15A00F4AD7E /* PBXContainerItemProxy */ = {
			isa = PBXContainerItemProxy;
			containerPortal = 5773185D2E73A15900F4AD7E /* Project object */;
			proxyType = 1;
			remoteGlobalIDString = 577318642E73A15900F4AD7E;
			remoteInfo = "MDI 105-107 (BookManager)";
		};
/* End PBXContainerItemProxy section */

/* Begin PBXFileReference section */
		577318652E73A15900F4AD7E /* MDI 105-107 (BookManager).app */ = {isa = PBXFileReference; explicitFileType = wrapper.application; includeInIndex = 0; path = "MDI 105-107 (BookManager).app"; sourceTree = BUILT_PRODUCTS_DIR; };
		577318742E73A15A00F4AD7E /* MDI 105-107 (BookManager)Tests.xctest */ = {isa = PBXFileReference; explicitFileType = wrapper.cfbundle; includeInIndex = 0; path = "MDI 105-107 (BookManager)Tests.xctest"; sourceTree = BUILT_PRODUCTS_DIR; };
		5773187E2E73A15A00F4AD7E /* MDI 105-107 (BookManager)UITests.xctest */ = {isa = PBXFileReference; explicitFileType = wrapper.cfbundle; includeInIndex = 0; path = "MDI 105-107 (BookManager)UITests.xctest"; sourceTree = BUILT_PRODUCTS_DIR; };
/* End PBXFileReference section */

/* Begin PBXFileSystemSynchronizedRootGroup section */
		577318672E73A15900F4AD7E /* MDI 105-107 (BookManager) */ = {
			isa = PBXFileSystemSynchronizedRootGroup;
			path = "MDI 105-107 (BookManager)";
			sourceTree = "<group>";
		};
		577318772E73A15A00F4AD7E /* MDI 105-107 (BookManager)Tests */ = {
			isa = PBXFileSystemSynchronizedRootGroup;
			path = "MDI 105-107 (BookManager)Tests";
			sourceTree = "<group>";
		};
		577318812E73A15A00F4AD7E /* MDI 105-107 (BookManager)UITests */ = {
			isa = PBXFileSystemSynchronizedRootGroup;
			path = "MDI 105-107 (BookManager)UITests";
			sourceTree = "<group>";
		};
/* End PBXFileSystemSynchronizedRootGroup section */

/* Begin PBXFrameworksBuildPhase section */
		577318622E73A15900F4AD7E /* Frameworks */ = {
			isa = PBXFrameworksBuildPhase;
			buildActionMask = 2147483647;
			files = (
			);
			runOnlyForDeploymentPostprocessing = 0;
		};
		577318712E73A15A00F4AD7E /* Frameworks */ = {
			isa = PBXFrameworksBuildPhase;
			buildActionMask = 2147483647;
			files = (
			);
			runOnlyForDeploymentPostprocessing = 0;
		};
		5773187B2E73A15A00F4AD7E /* Frameworks */ = {
			isa = PBXFrameworksBuildPhase;
			buildActionMask = 2147483647;
			files = (
			);
			runOnlyForDeploymentPostprocessing = 0;
		};
/* End PBXFrameworksBuildPhase section */

/* Begin PBXGroup section */
		5773185C2E73A15900F4AD7E = {
			isa = PBXGroup;
			children = (
				577318672E73A15900F4AD7E /* MDI 105-107 (BookManager) */,
				577318772E73A15A00F4AD7E /* MDI 105-107 (BookManager)Tests */,
				577318812E73A15A00F4AD7E /* MDI 105-107 (BookManager)UITests */,
				577318662E73A15900F4AD7E /* Products */,
			);
			sourceTree = "<group>";
		};
		577318662E73A15900F4AD7E /* Products */ = {
			isa = PBXGroup;
			children = (
				577318652E73A15900F4AD7E /* MDI 105-107 (BookManager).app */,
				577318742E73A15A00F4AD7E /* MDI 105-107 (BookManager)Tests.xctest */,
				5773187E2E73A15A00F4AD7E /* MDI 105-107 (BookManager)UITests.xctest */,
			);
			name = Products;
			sourceTree = "<group>";
		};
/* End PBXGroup section */

/* Begin PBXNativeTarget section */
		577318642E73A15900F4AD7E /* MDI 105-107 (BookManager) */ = {
			isa = PBXNativeTarget;
			buildConfigurationList = 577318882E73A15A00F4AD7E /* Build configuration list for PBXNativeTarget "MDI 105-107 (BookManager)" */;
			buildPhases = (
				577318612E73A15900F4AD7E /* Sources */,
				577318622E73A15900F4AD7E /* Frameworks */,
				577318632E73A15900F4AD7E /* Resources */,
			);
			buildRules = (
			);
			dependencies = (
			);
			fileSystemSynchronizedGroups = (
				577318672E73A15900F4AD7E /* MDI 105-107 (BookManager) */,
			);
			name = "MDI 105-107 (BookManager)";
			packageProductDependencies = (
			);
			productName = "MDI 105-107 (BookManager)";
			productReference = 577318652E73A15900F4AD7E /* MDI 105-107 (BookManager).app */;
			productType = "com.apple.product-type.application";
		};
		577318732E73A15A00F4AD7E /* MDI 105-107 (BookManager)Tests */ = {
			isa = PBXNativeTarget;
			buildConfigurationList = 5773188B2E73A15A00F4AD7E /* Build configuration list for PBXNativeTarget "MDI 105-107 (BookManager)Tests" */;
			buildPhases = (
				577318702E73A15A00F4AD7E /* Sources */,
				577318712E73A15A00F4AD7E /* Frameworks */,
				577318722E73A15A00F4AD7E /* Resources */,
			);
			buildRules = (
			);
			dependencies = (
				577318762E73A15A00F4AD7E /* PBXTargetDependency */,
			);
			fileSystemSynchronizedGroups = (
				577318772E73A15A00F4AD7E /* MDI 105-107 (BookManager)Tests */,
			);
			name = "MDI 105-107 (BookManager)Tests";
			packageProductDependencies = (
			);
			productName = "MDI 105-107 (BookManager)Tests";
			productReference = 577318742E73A15A00F4AD7E /* MDI 105-107 (BookManager)Tests.xctest */;
			productType = "com.apple.product-type.bundle.unit-test";
		};
		5773187D2E73A15A00F4AD7E /* MDI 105-107 (BookManager)UITests */ = {
			isa = PBXNativeTarget;
			buildConfigurationList = 5773188E2E73A15A00F4AD7E /* Build configuration list for PBXNativeTarget "MDI 105-107 (BookManager)UITests" */;
			buildPhases = (
				5773187A2E73A15A00F4AD7E /* Sources */,
				5773187B2E73A15A00F4AD7E /* Frameworks */,
				5773187C2E73A15A00F4AD7E /* Resources */,
			);
			buildRules = (
			);
			dependencies = (
				577318802E73A15A00F4AD7E /* PBXTargetDependency */,
			);
			fileSystemSynchronizedGroups = (
				577318812E73A15A00F4AD7E /* MDI 105-107 (BookManager)UITests */,
			);
			name = "MDI 105-107 (BookManager)UITests";
			packageProductDependencies = (
			);
			productName = "MDI 105-107 (BookManager)UITests";
			productReference = 5773187E2E73A15A00F4AD7E /* MDI 105-107 (BookManager)UITests.xctest */;
			productType = "com.apple.product-type.bundle.ui-testing";
		};
/* End PBXNativeTarget section */

/* Begin PBXProject section */
		5773185D2E73A15900F4AD7E /* Project object */ = {
			isa = PBXProject;
			attributes = {
				BuildIndependentTargetsInParallel = 1;
				LastSwiftUpdateCheck = 1640;
				LastUpgradeCheck = 1640;
				TargetAttributes = {
					577318642E73A15900F4AD7E = {
						CreatedOnToolsVersion = 16.4;
					};
					577318732E73A15A00F4AD7E = {
						CreatedOnToolsVersion = 16.4;
						TestTargetID = 577318642E73A15900F4AD7E;
					};
					5773187D2E73A15A00F4AD7E = {
						CreatedOnToolsVersion = 16.4;
						TestTargetID = 577318642E73A15900F4AD7E;
					};
				};
			};
			buildConfigurationList = 577318602E73A15900F4AD7E /* Build configuration list for PBXProject "MDI 105-107 (BookManager)" */;
			developmentRegion = en;
			hasScannedForEncodings = 0;
			knownRegions = (
				en,
				Base,
			);
			mainGroup = 5773185C2E73A15900F4AD7E;
			minimizedProjectReferenceProxies = 1;
			preferredProjectObjectVersion = 77;
			productRefGroup = 577318662E73A15900F4AD7E /* Products */;
			projectDirPath = "";
			projectRoot = "";
			targets = (
				577318642E73A15900F4AD7E /* MDI 105-107 (BookManager) */,
				577318732E73A15A00F4AD7E /* MDI 105-107 (BookManager)Tests */,
				5773187D2E73A15A00F4AD7E /* MDI 105-107 (BookManager)UITests */,
			);
		};
/* End PBXProject section */

/* Begin PBXResourcesBuildPhase section */
		577318632E73A15900F4AD7E /* Resources */ = {
			isa = PBXResourcesBuildPhase;
			buildActionMask = 2147483647;
			files = (
			);
			runOnlyForDeploymentPostprocessing = 0;
		};
		577318722E73A15A00F4AD7E /* Resources */ = {
			isa = PBXResourcesBuildPhase;
			buildActionMask = 2147483647;
			files = (
			);
			runOnlyForDeploymentPostprocessing = 0;
		};
		5773187C2E73A15A00F4AD7E /* Resources */ = {
			isa = PBXResourcesBuildPhase;
			buildActionMask = 2147483647;
			files = (
			);
			runOnlyForDeploymentPostprocessing = 0;
		};
/* End PBXResourcesBuildPhase section */

/* Begin PBXSourcesBuildPhase section */
		577318612E73A15900F4AD7E /* Sources */ = {
			isa = PBXSourcesBuildPhase;
			buildActionMask = 2147483647;
			files = (
			);
			runOnlyForDeploymentPostprocessing = 0;
		};
		577318702E73A15A00F4AD7E /* Sources */ = {
			isa = PBXSourcesBuildPhase;
			buildActionMask = 2147483647;
			files = (
			);
			runOnlyForDeploymentPostprocessing = 0;
		};
		5773187A2E73A15A00F4AD7E /* Sources */ = {
			isa = PBXSourcesBuildPhase;
			buildActionMask = 2147483647;
			files = (
			);
			runOnlyForDeploymentPostprocessing = 0;
		};
/* End PBXSourcesBuildPhase section */

/* Begin PBXTargetDependency section */
		577318762E73A15A00F4AD7E /* PBXTargetDependency */ = {
			isa = PBXTargetDependency;
			target = 577318642E73A15900F4AD7E /* MDI 105-107 (BookManager) */;
			targetProxy = 577318752E73A15A00F4AD7E /* PBXContainerItemProxy */;
		};
		577318802E73A15A00F4AD7E /* PBXTargetDependency */ = {
			isa = PBXTargetDependency;
			target = 577318642E73A15900F4AD7E /* MDI 105-107 (BookManager) */;
			targetProxy = 5773187F2E73A15A00F4AD7E /* PBXContainerItemProxy */;
		};
/* End PBXTargetDependency section */

/* Begin XCBuildConfiguration section */
		577318862E73A15A00F4AD7E /* Debug */ = {
			isa = XCBuildConfiguration;
			buildSettings = {
				ALWAYS_SEARCH_USER_PATHS = NO;
				ASSETCATALOG_COMPILER_GENERATE_SWIFT_ASSET_SYMBOL_EXTENSIONS = YES;
				CLANG_ANALYZER_NONNULL = YES;
				CLANG_ANALYZER_NUMBER_OBJECT_CONVERSION = YES_AGGRESSIVE;
				CLANG_CXX_LANGUAGE_STANDARD = "gnu++20";
				CLANG_ENABLE_MODULES = YES;
				CLANG_ENABLE_OBJC_ARC = YES;
				CLANG_ENABLE_OBJC_WEAK = YES;
				CLANG_WARN_BLOCK_CAPTURE_AUTORELEASING = YES;
				CLANG_WARN_BOOL_CONVERSION = YES;
				CLANG_WARN_COMMA = YES;
				CLANG_WARN_CONSTANT_CONVERSION = YES;
				CLANG_WARN_DEPRECATED_OBJC_IMPLEMENTATIONS = YES;
				CLANG_WARN_DIRECT_OBJC_ISA_USAGE = YES_ERROR;
				CLANG_WARN_DOCUMENTATION_COMMENTS = YES;
				CLANG_WARN_EMPTY_BODY = YES;
				CLANG_WARN_ENUM_CONVERSION = YES;
				CLANG_WARN_INFINITE_RECURSION = YES;
				CLANG_WARN_INT_CONVERSION = YES;
				CLANG_WARN_NON_LITERAL_NULL_CONVERSION = YES;
				CLANG_WARN_OBJC_IMPLICIT_RETAIN_SELF = YES;
				CLANG_WARN_OBJC_LITERAL_CONVERSION = YES;
				CLANG_WARN_OBJC_ROOT_CLASS = YES_ERROR;
				CLANG_WARN_QUOTED_INCLUDE_IN_FRAMEWORK_HEADER = YES;
				CLANG_WARN_RANGE_LOOP_ANALYSIS = YES;
				CLANG_WARN_STRICT_PROTOTYPES = YES;
				CLANG_WARN_SUSPICIOUS_MOVE = YES;
				CLANG_WARN_UNGUARDED_AVAILABILITY = YES_AGGRESSIVE;
				CLANG_WARN_UNREACHABLE_CODE = YES;
				CLANG_WARN__DUPLICATE_METHOD_MATCH = YES;
				COPY_PHASE_STRIP = NO;
				DEBUG_INFORMATION_FORMAT = dwarf;
				ENABLE_STRICT_OBJC_MSGSEND = YES;
				ENABLE_TESTABILITY = YES;
				ENABLE_USER_SCRIPT_SANDBOXING = YES;
				GCC_C_LANGUAGE_STANDARD = gnu17;
				GCC_DYNAMIC_NO_PIC = NO;
				GCC_NO_COMMON_BLOCKS = YES;
				GCC_OPTIMIZATION_LEVEL = 0;
				GCC_PREPROCESSOR_DEFINITIONS = (
					"DEBUG=1",
					"$(inherited)",
				);
				GCC_WARN_64_TO_32_BIT_CONVERSION = YES;
				GCC_WARN_ABOUT_RETURN_TYPE = YES_ERROR;
				GCC_WARN_UNDECLARED_SELECTOR = YES;
				GCC_WARN_UNINITIALIZED_AUTOS = YES_AGGRESSIVE;
				GCC_WARN_UNUSED_FUNCTION = YES;
				GCC_WARN_UNUSED_VARIABLE = YES;
				IPHONEOS_DEPLOYMENT_TARGET = 18.5;
				LOCALIZATION_PREFERS_STRING_CATALOGS = YES;
				MTL_ENABLE_DEBUG_INFO = INCLUDE_SOURCE;
				MTL_FAST_MATH = YES;
				ONLY_ACTIVE_ARCH = YES;
				SDKROOT = iphoneos;
				SWIFT_ACTIVE_COMPILATION_CONDITIONS = "DEBUG $(inherited)";
				SWIFT_OPTIMIZATION_LEVEL = "-Onone";
			};
			name = Debug;
		};
		577318872E73A15A00F4AD7E /* Release */ = {
			isa = XCBuildConfiguration;
			buildSettings = {
				ALWAYS_SEARCH_USER_PATHS = NO;
				ASSETCATALOG_COMPILER_GENERATE_SWIFT_ASSET_SYMBOL_EXTENSIONS = YES;
				CLANG_ANALYZER_NONNULL = YES;
				CLANG_ANALYZER_NUMBER_OBJECT_CONVERSION = YES_AGGRESSIVE;
				CLANG_CXX_LANGUAGE_STANDARD = "gnu++20";
				CLANG_ENABLE_MODULES = YES;
				CLANG_ENABLE_OBJC_ARC = YES;
				CLANG_ENABLE_OBJC_WEAK = YES;
				CLANG_WARN_BLOCK_CAPTURE_AUTORELEASING = YES;
				CLANG_WARN_BOOL_CONVERSION = YES;
				CLANG_WARN_COMMA = YES;
				CLANG_WARN_CONSTANT_CONVERSION = YES;
				CLANG_WARN_DEPRECATED_OBJC_IMPLEMENTATIONS = YES;
				CLANG_WARN_DIRECT_OBJC_ISA_USAGE = YES_ERROR;
				CLANG_WARN_DOCUMENTATION_COMMENTS = YES;
				CLANG_WARN_EMPTY_BODY = YES;
				CLANG_WARN_ENUM_CONVERSION = YES;
				CLANG_WARN_INFINITE_RECURSION = YES;
				CLANG_WARN_INT_CONVERSION = YES;
				CLANG_WARN_NON_LITERAL_NULL_CONVERSION = YES;
				CLANG_WARN_OBJC_IMPLICIT_RETAIN_SELF = YES;
				CLANG_WARN_OBJC_LITERAL_CONVERSION = YES;
				CLANG_WARN_OBJC_ROOT_CLASS = YES_ERROR;
				CLANG_WARN_QUOTED_INCLUDE_IN_FRAMEWORK_HEADER = YES;
				CLANG_WARN_RANGE_LOOP_ANALYSIS = YES;
				CLANG_WARN_STRICT_PROTOTYPES = YES;
				CLANG_WARN_SUSPICIOUS_MOVE = YES;
				CLANG_WARN_UNGUARDED_AVAILABILITY = YES_AGGRESSIVE;
				CLANG_WARN_UNREACHABLE_CODE = YES;
				CLANG_WARN__DUPLICATE_METHOD_MATCH = YES;
				COPY_PHASE_STRIP = NO;
				DEBUG_INFORMATION_FORMAT = "dwarf-with-dsym";
				ENABLE_NS_ASSERTIONS = NO;
				ENABLE_STRICT_OBJC_MSGSEND = YES;
				ENABLE_USER_SCRIPT_SANDBOXING = YES;
				GCC_C_LANGUAGE_STANDARD = gnu17;
				GCC_NO_COMMON_BLOCKS = YES;
				GCC_WARN_64_TO_32_BIT_CONVERSION = YES;
				GCC_WARN_ABOUT_RETURN_TYPE = YES_ERROR;
				GCC_WARN_UNDECLARED_SELECTOR = YES;
				GCC_WARN_UNINITIALIZED_AUTOS = YES_AGGRESSIVE;
				GCC_WARN_UNUSED_FUNCTION = YES;
				GCC_WARN_UNUSED_VARIABLE = YES;
				IPHONEOS_DEPLOYMENT_TARGET = 18.5;
				LOCALIZATION_PREFERS_STRING_CATALOGS = YES;
				MTL_ENABLE_DEBUG_INFO = NO;
				MTL_FAST_MATH = YES;
				SDKROOT = iphoneos;
				SWIFT_COMPILATION_MODE = wholemodule;
				VALIDATE_PRODUCT = YES;
			};
			name = Release;
		};
		577318892E73A15A00F4AD7E /* Debug */ = {
			isa = XCBuildConfiguration;
			buildSettings = {
				ASSETCATALOG_COMPILER_APPICON_NAME = AppIcon;
				ASSETCATALOG_COMPILER_GLOBAL_ACCENT_COLOR_NAME = AccentColor;
				CODE_SIGN_STYLE = Automatic;
				CURRENT_PROJECT_VERSION = 1;
				ENABLE_PREVIEWS = YES;
				GENERATE_INFOPLIST_FILE = YES;
				INFOPLIST_KEY_UIApplicationSceneManifest_Generation = YES;
				INFOPLIST_KEY_UIApplicationSupportsIndirectInputEvents = YES;
				INFOPLIST_KEY_UILaunchScreen_Generation = YES;
				INFOPLIST_KEY_UISupportedInterfaceOrientations_iPad = "UIInterfaceOrientationPortrait UIInterfaceOrientationPortraitUpsideDown UIInterfaceOrientationLandscapeLeft UIInterfaceOrientationLandscapeRight";
				INFOPLIST_KEY_UISupportedInterfaceOrientations_iPhone = "UIInterfaceOrientationPortrait UIInterfaceOrientationLandscapeLeft UIInterfaceOrientationLandscapeRight";
				LD_RUNPATH_SEARCH_PATHS = (
					"$(inherited)",
					"@executable_path/Frameworks",
				);
				MARKETING_VERSION = 1.0;
				PRODUCT_BUNDLE_IDENTIFIER = "com.example.app.MDI-105-107--BookManager-";
				PRODUCT_NAME = "$(TARGET_NAME)";
				SWIFT_EMIT_LOC_STRINGS = YES;
				SWIFT_VERSION = 5.0;
				TARGETED_DEVICE_FAMILY = "1,2";
			};
			name = Debug;
		};
		5773188A2E73A15A00F4AD7E /* Release */ = {
			isa = XCBuildConfiguration;
			buildSettings = {
				ASSETCATALOG_COMPILER_APPICON_NAME = AppIcon;
				ASSETCATALOG_COMPILER_GLOBAL_ACCENT_COLOR_NAME = AccentColor;
				CODE_SIGN_STYLE = Automatic;
				CURRENT_PROJECT_VERSION = 1;
				ENABLE_PREVIEWS = YES;
				GENERATE_INFOPLIST_FILE = YES;
				INFOPLIST_KEY_UIApplicationSceneManifest_Generation = YES;
				INFOPLIST_KEY_UIApplicationSupportsIndirectInputEvents = YES;
				INFOPLIST_KEY_UILaunchScreen_Generation = YES;
				INFOPLIST_KEY_UISupportedInterfaceOrientations_iPad = "UIInterfaceOrientationPortrait UIInterfaceOrientationPortraitUpsideDown UIInterfaceOrientationLandscapeLeft UIInterfaceOrientationLandscapeRight";
				INFOPLIST_KEY_UISupportedInterfaceOrientations_iPhone = "UIInterfaceOrientationPortrait UIInterfaceOrientationLandscapeLeft UIInterfaceOrientationLandscapeRight";
				LD_RUNPATH_SEARCH_PATHS = (
					"$(inherited)",
					"@executable_path/Frameworks",
				);
				MARKETING_VERSION = 1.0;
				PRODUCT_BUNDLE_IDENTIFIER = "com.example.app.MDI-105-107--BookManager-";
				PRODUCT_NAME = "$(TARGET_NAME)";
				SWIFT_EMIT_LOC_STRINGS = YES;
				SWIFT_VERSION = 5.0;
				TARGETED_DEVICE_FAMILY = "1,2";
			};
			name = Release;
		};
		5773188C2E73A15A00F4AD7E /* Debug */ = {
			isa = XCBuildConfiguration;
			buildSettings = {
				BUNDLE_LOADER = "$(TEST_HOST)";
				CODE_SIGN_STYLE = Automatic;
				CURRENT_PROJECT_VERSION = 1;
				GENERATE_INFOPLIST_FILE = YES;
				IPHONEOS_DEPLOYMENT_TARGET = 18.5;
				MARKETING_VERSION = 1.0;
				PRODUCT_BUNDLE_IDENTIFIER = "com.example.app.MDI-105-107--BookManager-Tests";
				PRODUCT_NAME = "$(TARGET_NAME)";
				SWIFT_EMIT_LOC_STRINGS = NO;
				SWIFT_VERSION = 5.0;
				TARGETED_DEVICE_FAMILY = "1,2";
				TEST_HOST = "$(BUILT_PRODUCTS_DIR)/MDI 105-107 (BookManager).app/$(BUNDLE_EXECUTABLE_FOLDER_PATH)/MDI 105-107 (BookManager)";
			};
			name = Debug;
		};
		5773188D2E73A15A00F4AD7E /* Release */ = {
			isa = XCBuildConfiguration;
			buildSettings = {
				BUNDLE_LOADER = "$(TEST_HOST)";
				CODE_SIGN_STYLE = Automatic;
				CURRENT_PROJECT_VERSION = 1;
				GENERATE_INFOPLIST_FILE = YES;
				IPHONEOS_DEPLOYMENT_TARGET = 18.5;
				MARKETING_VERSION = 1.0;
				PRODUCT_BUNDLE_IDENTIFIER = "com.example.app.MDI-105-107--BookManager-Tests";
				PRODUCT_NAME = "$(TARGET_NAME)";
				SWIFT_EMIT_LOC_STRINGS = NO;
				SWIFT_VERSION = 5.0;
				TARGETED_DEVICE_FAMILY = "1,2";
				TEST_HOST = "$(BUILT_PRODUCTS_DIR)/MDI 105-107 (BookManager).app/$(BUNDLE_EXECUTABLE_FOLDER_PATH)/MDI 105-107 (BookManager)";
			};
			name = Release;
		};
		5773188F2E73A15A00F4AD7E /* Debug */ = {
			isa = XCBuildConfiguration;
			buildSettings = {
				CODE_SIGN_STYLE = Automatic;
				CURRENT_PROJECT_VERSION = 1;
				GENERATE_INFOPLIST_FILE = YES;
				MARKETING_VERSION = 1.0;
				PRODUCT_BUNDLE_IDENTIFIER = "com.example.app.MDI-105-107--BookManager-UITests";
				PRODUCT_NAME = "$(TARGET_NAME)";
				SWIFT_EMIT_LOC_STRINGS = NO;
				SWIFT_VERSION = 5.0;
				TARGETED_DEVICE_FAMILY = "1,2";
				TEST_TARGET_NAME = "MDI 105-107 (BookManager)";
			};
			name = Debug;
		};
		577318902E73A15A00F4AD7E /* Release */ = {
			isa = XCBuildConfiguration;
			buildSettings = {
				CODE_SIGN_STYLE = Automatic;
				CURRENT_PROJECT_VERSION = 1;
				GENERATE_INFOPLIST_FILE = YES;
				MARKETING_VERSION = 1.0;
				PRODUCT_BUNDLE_IDENTIFIER = "com.example.app.MDI-105-107--BookManager-UITests";
				PRODUCT_NAME = "$(TARGET_NAME)";
				SWIFT_EMIT_LOC_STRINGS = NO;
				SWIFT_VERSION = 5.0;
				TARGETED_DEVICE_FAMILY = "1,2";
				TEST_TARGET_NAME = "MDI 105-107 (BookManager)";
			};
			name = Release;
		};
/* End XCBuildConfiguration section */

/* Begin XCConfigurationList section */
		577318602E73A15900F4AD7E /* Build configuration list for PBXProject "MDI 105-107 (BookManager)" */ = {
			isa = XCConfigurationList;
			buildConfigurations = (
				577318862E73A15A00F4AD7E /* Debug */,
				577318872E73A15A00F4AD7E /* Release */,
			);
			defaultConfigurationIsVisible = 0;
			defaultConfigurationName = Release;
		};
		577318882E73A15A00F4AD7E /* Build configuration list for PBXNativeTarget "MDI 105-107 (BookManager)" */ = {
			isa = XCConfigurationList;
			buildConfigurations = (
				577318892E73A15A00F4AD7E /* Debug */,
				5773188A2E73A15A00F4AD7E /* Release */,
			);
			defaultConfigurationIsVisible = 0;
			defaultConfigurationName = Release;
		};
		5773188B2E73A15A00F4AD7E /* Build configuration list for PBXNativeTarget "MDI 105-107 (BookManager)Tests" */ = {
			isa = XCConfigurationList;
			buildConfigurations = (
				5773188C2E73A15A00F4AD7E /* Debug */,
				5773188D2E73A15A00F4AD7E /* Release */,
			);
			defaultConfigurationIsVisible = 0;
			defaultConfigurationName = Release;
		};
		5773188E2E73A15A00F4AD7E /* Build configuration list for PBXNativeTarget "MDI 105-107 (BookManager)UITests" */ = {
			isa = XCConfigurationList;
			buildConfigurations = (
				5773188F2E73A15A00F4AD7E /* Debug */,
				577318902E73A15A00F4AD7E /* Release */,
			);
			defaultConfigurationIsVisible = 0;
			defaultConfigurationName = Release;
		};
/* End XCConfigurationList section */
	};
	rootObject = 5773185D2E73A15900F4AD7E /* Project object */;
}
